
Microsoft Visual Studio Solution File, Format Version 12.00
# Visual Studio Version 16
VisualStudioVersion = 16.0.31005.135
MinimumVisualStudioVersion = 10.0.40219.1
Project("{9A19103F-16F7-4668-BE54-9A1E7A4F7556}") = "UnitTests", "UnitTests\UnitTests.csproj", "{0733FF63-ADAE-46A4-8624-C1710FF9A3D2}"
EndProject
Project("{9A19103F-16F7-4668-BE54-9A1E7A4F7556}") = "ConfidentialClientCredentialProvider", "ConfidentialClientCredentialProvider\ConfidentialClientCredentialProvider.csproj", "{35095B89-C65B-4196-B219-866559ADDBB0}"
EndProject
Global
	GlobalSection(SolutionConfigurationPlatforms) = preSolution
		Debug|Any CPU = Debug|Any CPU
		Release|Any CPU = Release|Any CPU
	EndGlobalSection
	GlobalSection(ProjectConfigurationPlatforms) = postSolution
		{0733FF63-ADAE-46A4-8624-C1710FF9A3D2}.Debug|Any CPU.ActiveCfg = Debug|Any CPU
		{0733FF63-ADAE-46A4-8624-C1710FF9A3D2}.Debug|Any CPU.Build.0 = Debug|Any CPU
		{0733FF63-ADAE-46A4-8624-C1710FF9A3D2}.Release|Any CPU.ActiveCfg = Release|Any CPU
		{0733FF63-ADAE-46A4-8624-C1710FF9A3D2}.Release|Any CPU.Build.0 = Release|Any CPU
		{35095B89-C65B-4196-B219-866559ADDBB0}.Debug|Any CPU.ActiveCfg = Debug|Any CPU
		{35095B89-C65B-4196-B219-866559ADDBB0}.Debug|Any CPU.Build.0 = Debug|Any CPU
		{35095B89-C65B-4196-B219-866559ADDBB0}.Release|Any CPU.ActiveCfg = Release|Any CPU
		{35095B89-C65B-4196-B219-866559ADDBB0}.Release|Any CPU.Build.0 = Release|Any CPU
	EndGlobalSection
	GlobalSection(SolutionProperties) = preSolution
		HideSolutionNode = FALSE
	EndGlobalSection
	GlobalSection(ExtensibilityGlobals) = postSolution
		SolutionGuid = {660DF3C1-26CF-4007-96FB-52CCD14B27A2}
	EndGlobalSection
EndGlobal
